
Microsoft Visual Studio Solution File, Format Version 12.00
# Visual Studio 15
VisualStudioVersion = 15.0.28307.168
MinimumVisualStudioVersion = 10.0.40219.1
Project("{FAE04EC0-301F-11D3-BF4B-00C04F79EFBC}") = "Tricky", "Tricky.csproj", "{BF4A1DB8-F049-4981-9E14-2AC2D7D44806}"
EndProject
Global
	GlobalSection(SolutionConfigurationPlatforms) = preSolution
		Debug|Any CPU = Debug|Any CPU
		Release|Any CPU = Release|Any CPU
	EndGlobalSection
	GlobalSection(ProjectConfigurationPlatforms) = postSolution
		{BF4A1DB8-F049-4981-9E14-2AC2D7D44806}.Debug|Any CPU.ActiveCfg = Debug|Any CPU
		{BF4A1DB8-F049-4981-9E14-2AC2D7D44806}.Debug|Any CPU.Build.0 = Debug|Any CPU
		{BF4A1DB8-F049-4981-9E14-2AC2D7D44806}.Release|Any CPU.ActiveCfg = Release|Any CPU
		{BF4A1DB8-F049-4981-9E14-2AC2D7D44806}.Release|Any CPU.Build.0 = Release|Any CPU
	EndGlobalSection
	GlobalSection(SolutionProperties) = preSolution
		HideSolutionNode = FALSE
	EndGlobalSection
	GlobalSection(ExtensibilityGlobals) = postSolution
		SolutionGuid = {25243B35-812F-48CD-BE49-A44C81AC5E2F}
	EndGlobalSection
EndGlobal
